
Microsoft Visual Studio Solution File, Format Version 12.00
# Visual Studio Version 17
VisualStudioVersion = 17.12.35707.178
MinimumVisualStudioVersion = 10.0.40219.1
Project("{54A90642-561A-4BB1-A94E-469ADEE60C69}") = "cprddd.client", "cprddd.client\cprddd.client.esproj", "{178352EE-B159-4E1D-AD26-2EF9139C221B}"
EndProject
Project("{2150E333-8FDC-42A3-9474-1A3956D46DE8}") = "ChamadoService", "ChamadoService", "{75A30E1A-C232-4178-A70F-B748C6A74240}"
EndProject
Project("{2150E333-8FDC-42A3-9474-1A3956D46DE8}") = "Core", "Core", "{233B35F1-A166-43D2-A18B-B3D27FDC0FB3}"
EndProject
Project("{2150E333-8FDC-42A3-9474-1A3956D46DE8}") = "Adapters", "Adapters", "{3F9DEF69-F007-4EF9-AC14-5E56EE6B5F8E}"
EndProject
Project("{2150E333-8FDC-42A3-9474-1A3956D46DE8}") = "Consumers", "Consumers", "{D63B86EA-5D84-4D67-A312-8A49C602CFB4}"
EndProject
Project("{2150E333-8FDC-42A3-9474-1A3956D46DE8}") = "Tests", "Tests", "{6A7F0350-A7C3-4B08-BF68-BA2987C43446}"
EndProject
Project("{FAE04EC0-301F-11D3-BF4B-00C04F79EFBC}") = "Data", "ChamadoService\Adapters\Data\Data.csproj", "{5AC3A7BE-2A04-457C-8D1D-67C07070A0E0}"
EndProject
Project("{FAE04EC0-301F-11D3-BF4B-00C04F79EFBC}") = "Application", "ChamadoService\Core\Application\Application.csproj", "{3926C673-31A9-4F4A-AB47-F619A6402C78}"
EndProject
Project("{FAE04EC0-301F-11D3-BF4B-00C04F79EFBC}") = "Domain", "ChamadoService\Core\Domain\Domain.csproj", "{3CEE5D85-32D8-4A2B-A236-2DF6926D158C}"
EndProject
Project("{FAE04EC0-301F-11D3-BF4B-00C04F79EFBC}") = "API", "ChamadoService\Consumers\API\API\API.csproj", "{17F48384-4157-4649-BC8A-8D3F46D8AC64}"
EndProject
Project("{FAE04EC0-301F-11D3-BF4B-00C04F79EFBC}") = "DomainTests", "ChamadoService\Tests\TestProject1\DomainTests.csproj", "{462740F9-C310-40C1-B222-6EF15878F185}"
EndProject
Project("{FAE04EC0-301F-11D3-BF4B-00C04F79EFBC}") = "ApplicationTests", "ChamadoService\Tests\ApplicationTests\ApplicationTests.csproj", "{BB67DF2E-FD67-462D-9252-2659003DEBC9}"
EndProject
Project("{FAE04EC0-301F-11D3-BF4B-00C04F79EFBC}") = "AdapterTests", "ChamadoService\Tests\AdapterTests\AdapterTests.csproj", "{F5C08DD1-24F7-4154-A300-76812B112EA2}"
EndProject
Global
	GlobalSection(SolutionConfigurationPlatforms) = preSolution
		Debug|Any CPU = Debug|Any CPU
		Release|Any CPU = Release|Any CPU
	EndGlobalSection
	GlobalSection(ProjectConfigurationPlatforms) = postSolution
		{178352EE-B159-4E1D-AD26-2EF9139C221B}.Debug|Any CPU.ActiveCfg = Debug|Any CPU
		{178352EE-B159-4E1D-AD26-2EF9139C221B}.Debug|Any CPU.Build.0 = Debug|Any CPU
		{178352EE-B159-4E1D-AD26-2EF9139C221B}.Debug|Any CPU.Deploy.0 = Debug|Any CPU
		{178352EE-B159-4E1D-AD26-2EF9139C221B}.Release|Any CPU.ActiveCfg = Release|Any CPU
		{178352EE-B159-4E1D-AD26-2EF9139C221B}.Release|Any CPU.Build.0 = Release|Any CPU
		{178352EE-B159-4E1D-AD26-2EF9139C221B}.Release|Any CPU.Deploy.0 = Release|Any CPU
		{5AC3A7BE-2A04-457C-8D1D-67C07070A0E0}.Debug|Any CPU.ActiveCfg = Debug|Any CPU
		{5AC3A7BE-2A04-457C-8D1D-67C07070A0E0}.Debug|Any CPU.Build.0 = Debug|Any CPU
		{5AC3A7BE-2A04-457C-8D1D-67C07070A0E0}.Release|Any CPU.ActiveCfg = Release|Any CPU
		{5AC3A7BE-2A04-457C-8D1D-67C07070A0E0}.Release|Any CPU.Build.0 = Release|Any CPU
		{3926C673-31A9-4F4A-AB47-F619A6402C78}.Debug|Any CPU.ActiveCfg = Debug|Any CPU
		{3926C673-31A9-4F4A-AB47-F619A6402C78}.Debug|Any CPU.Build.0 = Debug|Any CPU
		{3926C673-31A9-4F4A-AB47-F619A6402C78}.Release|Any CPU.ActiveCfg = Release|Any CPU
		{3926C673-31A9-4F4A-AB47-F619A6402C78}.Release|Any CPU.Build.0 = Release|Any CPU
		{3CEE5D85-32D8-4A2B-A236-2DF6926D158C}.Debug|Any CPU.ActiveCfg = Debug|Any CPU
		{3CEE5D85-32D8-4A2B-A236-2DF6926D158C}.Debug|Any CPU.Build.0 = Debug|Any CPU
		{3CEE5D85-32D8-4A2B-A236-2DF6926D158C}.Release|Any CPU.ActiveCfg = Release|Any CPU
		{3CEE5D85-32D8-4A2B-A236-2DF6926D158C}.Release|Any CPU.Build.0 = Release|Any CPU
		{17F48384-4157-4649-BC8A-8D3F46D8AC64}.Debug|Any CPU.ActiveCfg = Debug|Any CPU
		{17F48384-4157-4649-BC8A-8D3F46D8AC64}.Debug|Any CPU.Build.0 = Debug|Any CPU
		{17F48384-4157-4649-BC8A-8D3F46D8AC64}.Release|Any CPU.ActiveCfg = Release|Any CPU
		{17F48384-4157-4649-BC8A-8D3F46D8AC64}.Release|Any CPU.Build.0 = Release|Any CPU
		{462740F9-C310-40C1-B222-6EF15878F185}.Debug|Any CPU.ActiveCfg = Debug|Any CPU
		{462740F9-C310-40C1-B222-6EF15878F185}.Debug|Any CPU.Build.0 = Debug|Any CPU
		{462740F9-C310-40C1-B222-6EF15878F185}.Release|Any CPU.ActiveCfg = Release|Any CPU
		{462740F9-C310-40C1-B222-6EF15878F185}.Release|Any CPU.Build.0 = Release|Any CPU
		{BB67DF2E-FD67-462D-9252-2659003DEBC9}.Debug|Any CPU.ActiveCfg = Debug|Any CPU
		{BB67DF2E-FD67-462D-9252-2659003DEBC9}.Debug|Any CPU.Build.0 = Debug|Any CPU
		{BB67DF2E-FD67-462D-9252-2659003DEBC9}.Release|Any CPU.ActiveCfg = Release|Any CPU
		{BB67DF2E-FD67-462D-9252-2659003DEBC9}.Release|Any CPU.Build.0 = Release|Any CPU
		{F5C08DD1-24F7-4154-A300-76812B112EA2}.Debug|Any CPU.ActiveCfg = Debug|Any CPU
		{F5C08DD1-24F7-4154-A300-76812B112EA2}.Debug|Any CPU.Build.0 = Debug|Any CPU
		{F5C08DD1-24F7-4154-A300-76812B112EA2}.Release|Any CPU.ActiveCfg = Release|Any CPU
		{F5C08DD1-24F7-4154-A300-76812B112EA2}.Release|Any CPU.Build.0 = Release|Any CPU
	EndGlobalSection
	GlobalSection(SolutionProperties) = preSolution
		HideSolutionNode = FALSE
	EndGlobalSection
	GlobalSection(NestedProjects) = preSolution
		{233B35F1-A166-43D2-A18B-B3D27FDC0FB3} = {75A30E1A-C232-4178-A70F-B748C6A74240}
		{3F9DEF69-F007-4EF9-AC14-5E56EE6B5F8E} = {75A30E1A-C232-4178-A70F-B748C6A74240}
		{D63B86EA-5D84-4D67-A312-8A49C602CFB4} = {75A30E1A-C232-4178-A70F-B748C6A74240}
		{6A7F0350-A7C3-4B08-BF68-BA2987C43446} = {75A30E1A-C232-4178-A70F-B748C6A74240}
		{5AC3A7BE-2A04-457C-8D1D-67C07070A0E0} = {3F9DEF69-F007-4EF9-AC14-5E56EE6B5F8E}
		{3926C673-31A9-4F4A-AB47-F619A6402C78} = {233B35F1-A166-43D2-A18B-B3D27FDC0FB3}
		{3CEE5D85-32D8-4A2B-A236-2DF6926D158C} = {233B35F1-A166-43D2-A18B-B3D27FDC0FB3}
		{17F48384-4157-4649-BC8A-8D3F46D8AC64} = {D63B86EA-5D84-4D67-A312-8A49C602CFB4}
		{462740F9-C310-40C1-B222-6EF15878F185} = {6A7F0350-A7C3-4B08-BF68-BA2987C43446}
		{BB67DF2E-FD67-462D-9252-2659003DEBC9} = {6A7F0350-A7C3-4B08-BF68-BA2987C43446}
		{F5C08DD1-24F7-4154-A300-76812B112EA2} = {6A7F0350-A7C3-4B08-BF68-BA2987C43446}
	EndGlobalSection
EndGlobal
